// !$*UTF8*$!
{
	archiveVersion = 1;
	classes = {
	};
	objectVersion = 48;
	objects = {

/* Begin PBXBuildFile section */
		5E5ECFC8205DA9E20096658F /* AppDelegate.swift in Sources */ = {isa = PBXBuildFile; fileRef = 5E5ECFC7205DA9E20096658F /* AppDelegate.swift */; };
		5E5ECFCD205DA9E20096658F /* Main.storyboard in Resources */ = {isa = PBXBuildFile; fileRef = 5E5ECFCB205DA9E20096658F /* Main.storyboard */; };
		5E5ECFCF205DA9E20096658F /* Assets.xcassets in Resources */ = {isa = PBXBuildFile; fileRef = 5E5ECFCE205DA9E20096658F /* Assets.xcassets */; };
		5E5ECFD2205DA9E20096658F /* LaunchScreen.storyboard in Resources */ = {isa = PBXBuildFile; fileRef = 5E5ECFD0205DA9E20096658F /* LaunchScreen.storyboard */; };
		5E5ECFDA205DAA620096658F /* DetailVC.swift in Sources */ = {isa = PBXBuildFile; fileRef = 5E5ECFD9205DAA620096658F /* DetailVC.swift */; };
		5E5ECFDC205DAE730096658F /* ListVC.swift in Sources */ = {isa = PBXBuildFile; fileRef = 5E5ECFDB205DAE730096658F /* ListVC.swift */; };
		5E5ECFDE205DB2860096658F /* PageVC.swift in Sources */ = {isa = PBXBuildFile; fileRef = 5E5ECFDD205DB2860096658F /* PageVC.swift */; };
		5E6F34D8206854B90053BC3B /* Constants.swift in Sources */ = {isa = PBXBuildFile; fileRef = 5E6F34D7206854B90053BC3B /* Constants.swift */; };
		5E7A2988206F185E0039E491 /* DayWeatherCell.swift in Sources */ = {isa = PBXBuildFile; fileRef = 5E7A2987206F185E0039E491 /* DayWeatherCell.swift */; };
		5E7A298A207128AD0039E491 /* TimeInterval+format.swift in Sources */ = {isa = PBXBuildFile; fileRef = 5E7A2989207128AD0039E491 /* TimeInterval+format.swift */; };
		5EC8305920655EE300A8A045 /* WeatherDetail.swift in Sources */ = {isa = PBXBuildFile; fileRef = 5EC8305820655EE300A8A045 /* WeatherDetail.swift */; };
		5ED07ECA2076D8830098C549 /* HourlyWeatherCell.swift in Sources */ = {isa = PBXBuildFile; fileRef = 5ED07EC92076D8830098C549 /* HourlyWeatherCell.swift */; };
		5ED07ECC2076E6240098C549 /* WeatherLocation.swift in Sources */ = {isa = PBXBuildFile; fileRef = 5ED07ECB2076E6240098C549 /* WeatherLocation.swift */; };
		BA6EF35E43BFCFB92E99E1F5 /* Pods_WeatherGift.framework in Frameworks */ = {isa = PBXBuildFile; fileRef = 32D21F00BB3075CCEED62BF2 /* Pods_WeatherGift.framework */; };
/* End PBXBuildFile section */

/* Begin PBXFileReference section */
		32D21F00BB3075CCEED62BF2 /* Pods_WeatherGift.framework */ = {isa = PBXFileReference; explicitFileType = wrapper.framework; includeInIndex = 0; path = Pods_WeatherGift.framework; sourceTree = BUILT_PRODUCTS_DIR; };
		3D310F70B4F165C33FB8C127 /* Pods-WeatherGift.release.xcconfig */ = {isa = PBXFileReference; includeInIndex = 1; lastKnownFileType = text.xcconfig; name = "Pods-WeatherGift.release.xcconfig"; path = "Pods/Target Support Files/Pods-WeatherGift/Pods-WeatherGift.release.xcconfig"; sourceTree = "<group>"; };
		5E5ECFC4205DA9E20096658F /* WeatherGift.app */ = {isa = PBXFileReference; explicitFileType = wrapper.application; includeInIndex = 0; path = WeatherGift.app; sourceTree = BUILT_PRODUCTS_DIR; };
		5E5ECFC7205DA9E20096658F /* AppDelegate.swift */ = {isa = PBXFileReference; lastKnownFileType = sourcecode.swift; path = AppDelegate.swift; sourceTree = "<group>"; };
		5E5ECFCC205DA9E20096658F /* Base */ = {isa = PBXFileReference; lastKnownFileType = file.storyboard; name = Base; path = Base.lproj/Main.storyboard; sourceTree = "<group>"; };
		5E5ECFCE205DA9E20096658F /* Assets.xcassets */ = {isa = PBXFileReference; lastKnownFileType = folder.assetcatalog; path = Assets.xcassets; sourceTree = "<group>"; };
		5E5ECFD1205DA9E20096658F /* Base */ = {isa = PBXFileReference; lastKnownFileType = file.storyboard; name = Base; path = Base.lproj/LaunchScreen.storyboard; sourceTree = "<group>"; };
		5E5ECFD3205DA9E20096658F /* Info.plist */ = {isa = PBXFileReference; lastKnownFileType = text.plist.xml; path = Info.plist; sourceTree = "<group>"; };
		5E5ECFD9205DAA620096658F /* DetailVC.swift */ = {isa = PBXFileReference; lastKnownFileType = sourcecode.swift; path = DetailVC.swift; sourceTree = "<group>"; };
		5E5ECFDB205DAE730096658F /* ListVC.swift */ = {isa = PBXFileReference; lastKnownFileType = sourcecode.swift; path = ListVC.swift; sourceTree = "<group>"; };
		5E5ECFDD205DB2860096658F /* PageVC.swift */ = {isa = PBXFileReference; lastKnownFileType = sourcecode.swift; path = PageVC.swift; sourceTree = "<group>"; };
		5E6F34D7206854B90053BC3B /* Constants.swift */ = {isa = PBXFileReference; lastKnownFileType = sourcecode.swift; path = Constants.swift; sourceTree = "<group>"; };
		5E7A2987206F185E0039E491 /* DayWeatherCell.swift */ = {isa = PBXFileReference; lastKnownFileType = sourcecode.swift; path = DayWeatherCell.swift; sourceTree = "<group>"; };
		5E7A2989207128AD0039E491 /* TimeInterval+format.swift */ = {isa = PBXFileReference; lastKnownFileType = sourcecode.swift; path = "TimeInterval+format.swift"; sourceTree = "<group>"; };
		5EC8305820655EE300A8A045 /* WeatherDetail.swift */ = {isa = PBXFileReference; lastKnownFileType = sourcecode.swift; path = WeatherDetail.swift; sourceTree = "<group>"; };
		5ED07EC92076D8830098C549 /* HourlyWeatherCell.swift */ = {isa = PBXFileReference; lastKnownFileType = sourcecode.swift; path = HourlyWeatherCell.swift; sourceTree = "<group>"; };
		5ED07ECB2076E6240098C549 /* WeatherLocation.swift */ = {isa = PBXFileReference; lastKnownFileType = sourcecode.swift; path = WeatherLocation.swift; sourceTree = "<group>"; };
		F2036912B45AE6D343447ADD /* Pods-WeatherGift.debug.xcconfig */ = {isa = PBXFileReference; includeInIndex = 1; lastKnownFileType = text.xcconfig; name = "Pods-WeatherGift.debug.xcconfig"; path = "Pods/Target Support Files/Pods-WeatherGift/Pods-WeatherGift.debug.xcconfig"; sourceTree = "<group>"; };
/* End PBXFileReference section */

/* Begin PBXFrameworksBuildPhase section */
		5E5ECFC1205DA9E20096658F /* Frameworks */ = {
			isa = PBXFrameworksBuildPhase;
			buildActionMask = 2147483647;
			files = (
				BA6EF35E43BFCFB92E99E1F5 /* Pods_WeatherGift.framework in Frameworks */,
			);
			runOnlyForDeploymentPostprocessing = 0;
		};
/* End PBXFrameworksBuildPhase section */

/* Begin PBXGroup section */
		05EBC376BEDBAF6BBF8E17A8 /* Frameworks */ = {
			isa = PBXGroup;
			children = (
				32D21F00BB3075CCEED62BF2 /* Pods_WeatherGift.framework */,
			);
			name = Frameworks;
			sourceTree = "<group>";
		};
		5E5ECFBB205DA9E20096658F = {
			isa = PBXGroup;
			children = (
				5E5ECFC6205DA9E20096658F /* WeatherGift */,
				5E5ECFC5205DA9E20096658F /* Products */,
				9BFC58F7677F9F4FAD78F1AE /* Pods */,
				05EBC376BEDBAF6BBF8E17A8 /* Frameworks */,
			);
			sourceTree = "<group>";
		};
		5E5ECFC5205DA9E20096658F /* Products */ = {
			isa = PBXGroup;
			children = (
				5E5ECFC4205DA9E20096658F /* WeatherGift.app */,
			);
			name = Products;
			sourceTree = "<group>";
		};
		5E5ECFC6205DA9E20096658F /* WeatherGift */ = {
			isa = PBXGroup;
			children = (
				5E5ECFC7205DA9E20096658F /* AppDelegate.swift */,
				5ED07ECB2076E6240098C549 /* WeatherLocation.swift */,
				5EC8305820655EE300A8A045 /* WeatherDetail.swift */,
				5E5ECFDD205DB2860096658F /* PageVC.swift */,
				5E5ECFDB205DAE730096658F /* ListVC.swift */,
				5E5ECFD9205DAA620096658F /* DetailVC.swift */,
				5E7A2987206F185E0039E491 /* DayWeatherCell.swift */,
				5ED07EC92076D8830098C549 /* HourlyWeatherCell.swift */,
				5E7A2989207128AD0039E491 /* TimeInterval+format.swift */,
				5E6F34D7206854B90053BC3B /* Constants.swift */,
				5E5ECFCB205DA9E20096658F /* Main.storyboard */,
				5E5ECFCE205DA9E20096658F /* Assets.xcassets */,
				5E5ECFD0205DA9E20096658F /* LaunchScreen.storyboard */,
				5E5ECFD3205DA9E20096658F /* Info.plist */,
			);
			path = WeatherGift;
			sourceTree = "<group>";
		};
		9BFC58F7677F9F4FAD78F1AE /* Pods */ = {
			isa = PBXGroup;
			children = (
				F2036912B45AE6D343447ADD /* Pods-WeatherGift.debug.xcconfig */,
				3D310F70B4F165C33FB8C127 /* Pods-WeatherGift.release.xcconfig */,
			);
			name = Pods;
			sourceTree = "<group>";
		};
/* End PBXGroup section */

/* Begin PBXNativeTarget section */
		5E5ECFC3205DA9E20096658F /* WeatherGift */ = {
			isa = PBXNativeTarget;
			buildConfigurationList = 5E5ECFD6205DA9E20096658F /* Build configuration list for PBXNativeTarget "WeatherGift" */;
			buildPhases = (
				1685E9F3FED16A2F14E295EC /* [CP] Check Pods Manifest.lock */,
				5E5ECFC0205DA9E20096658F /* Sources */,
				5E5ECFC1205DA9E20096658F /* Frameworks */,
				5E5ECFC2205DA9E20096658F /* Resources */,
				59CB3BD4229026FB00EC44DC /* [CP] Embed Pods Frameworks */,
				985B8B3A1E46829A935AA98B /* [CP] Copy Pods Resources */,
			);
			buildRules = (
			);
			dependencies = (
			);
			name = WeatherGift;
			productName = WeatherGift;
			productReference = 5E5ECFC4205DA9E20096658F /* WeatherGift.app */;
			productType = "com.apple.product-type.application";
		};
/* End PBXNativeTarget section */

/* Begin PBXProject section */
		5E5ECFBC205DA9E20096658F /* Project object */ = {
			isa = PBXProject;
			attributes = {
				LastSwiftUpdateCheck = 0920;
				LastUpgradeCheck = 0920;
				ORGANIZATIONNAME = "Kerry Nasta";
				TargetAttributes = {
					5E5ECFC3205DA9E20096658F = {
						CreatedOnToolsVersion = 9.2;
						ProvisioningStyle = Automatic;
					};
				};
			};
			buildConfigurationList = 5E5ECFBF205DA9E20096658F /* Build configuration list for PBXProject "WeatherGift" */;
			compatibilityVersion = "Xcode 8.0";
			developmentRegion = en;
			hasScannedForEncodings = 0;
			knownRegions = (
				en,
				Base,
			);
			mainGroup = 5E5ECFBB205DA9E20096658F;
			productRefGroup = 5E5ECFC5205DA9E20096658F /* Products */;
			projectDirPath = "";
			projectRoot = "";
			targets = (
				5E5ECFC3205DA9E20096658F /* WeatherGift */,
			);
		};
/* End PBXProject section */

/* Begin PBXResourcesBuildPhase section */
		5E5ECFC2205DA9E20096658F /* Resources */ = {
			isa = PBXResourcesBuildPhase;
			buildActionMask = 2147483647;
			files = (
				5E5ECFD2205DA9E20096658F /* LaunchScreen.storyboard in Resources */,
				5E5ECFCF205DA9E20096658F /* Assets.xcassets in Resources */,
				5E5ECFCD205DA9E20096658F /* Main.storyboard in Resources */,
			);
			runOnlyForDeploymentPostprocessing = 0;
		};
/* End PBXResourcesBuildPhase section */

/* Begin PBXShellScriptBuildPhase section */
		1685E9F3FED16A2F14E295EC /* [CP] Check Pods Manifest.lock */ = {
			isa = PBXShellScriptBuildPhase;
			buildActionMask = 2147483647;
			files = (
			);
			inputPaths = (
				"${PODS_PODFILE_DIR_PATH}/Podfile.lock",
				"${PODS_ROOT}/Manifest.lock",
			);
			name = "[CP] Check Pods Manifest.lock";
			outputPaths = (
				"$(DERIVED_FILE_DIR)/Pods-WeatherGift-checkManifestLockResult.txt",
			);
			runOnlyForDeploymentPostprocessing = 0;
			shellPath = /bin/sh;
			shellScript = "diff \"${PODS_PODFILE_DIR_PATH}/Podfile.lock\" \"${PODS_ROOT}/Manifest.lock\" > /dev/null\nif [ $? != 0 ] ; then\n    # print error to STDERR\n    echo \"error: The sandbox is not in sync with the Podfile.lock. Run 'pod install' or update your CocoaPods installation.\" >&2\n    exit 1\nfi\n# This output is used by Xcode 'outputs' to avoid re-running this script phase.\necho \"SUCCESS\" > \"${SCRIPT_OUTPUT_FILE_0}\"\n";
			showEnvVarsInLog = 0;
		};
		59CB3BD4229026FB00EC44DC /* [CP] Embed Pods Frameworks */ = {
			isa = PBXShellScriptBuildPhase;
			buildActionMask = 2147483647;
			files = (
			);
			inputPaths = (
				"${SRCROOT}/Pods/Target Support Files/Pods-WeatherGift/Pods-WeatherGift-frameworks.sh",
				"${BUILT_PRODUCTS_DIR}/Alamofire/Alamofire.framework",
				"${BUILT_PRODUCTS_DIR}/SwiftyJSON/SwiftyJSON.framework",
			);
			name = "[CP] Embed Pods Frameworks";
			outputPaths = (
				"${TARGET_BUILD_DIR}/${FRAMEWORKS_FOLDER_PATH}/Alamofire.framework",
				"${TARGET_BUILD_DIR}/${FRAMEWORKS_FOLDER_PATH}/SwiftyJSON.framework",
			);
			runOnlyForDeploymentPostprocessing = 0;
			shellPath = /bin/sh;
			shellScript = "\"${SRCROOT}/Pods/Target Support Files/Pods-WeatherGift/Pods-WeatherGift-frameworks.sh\"\n";
			showEnvVarsInLog = 0;
		};
		985B8B3A1E46829A935AA98B /* [CP] Copy Pods Resources */ = {
			isa = PBXShellScriptBuildPhase;
			buildActionMask = 2147483647;
			files = (
			);
			inputPaths = (
				"${SRCROOT}/Pods/Target Support Files/Pods-WeatherGift/Pods-WeatherGift-resources.sh",
				"${PODS_ROOT}/GooglePlaces/Frameworks/GooglePlaces.framework/Resources/GooglePlaces.bundle",
			);
			name = "[CP] Copy Pods Resources";
			outputPaths = (
				"${TARGET_BUILD_DIR}/${UNLOCALIZED_RESOURCES_FOLDER_PATH}/GooglePlaces.bundle",
			);
			runOnlyForDeploymentPostprocessing = 0;
			shellPath = /bin/sh;
			shellScript = "\"${SRCROOT}/Pods/Target Support Files/Pods-WeatherGift/Pods-WeatherGift-resources.sh\"\n";
			showEnvVarsInLog = 0;
		};
/* End PBXShellScriptBuildPhase section */

/* Begin PBXSourcesBuildPhase section */
		5E5ECFC0205DA9E20096658F /* Sources */ = {
			isa = PBXSourcesBuildPhase;
			buildActionMask = 2147483647;
			files = (
				5E7A2988206F185E0039E491 /* DayWeatherCell.swift in Sources */,
				5ED07ECA2076D8830098C549 /* HourlyWeatherCell.swift in Sources */,
				5EC8305920655EE300A8A045 /* WeatherDetail.swift in Sources */,
				5E5ECFDC205DAE730096658F /* ListVC.swift in Sources */,
				5E5ECFDE205DB2860096658F /* PageVC.swift in Sources */,
				5ED07ECC2076E6240098C549 /* WeatherLocation.swift in Sources */,
				5E7A298A207128AD0039E491 /* TimeInterval+format.swift in Sources */,
				5E5ECFC8205DA9E20096658F /* AppDelegate.swift in Sources */,
				5E5ECFDA205DAA620096658F /* DetailVC.swift in Sources */,
				5E6F34D8206854B90053BC3B /* Constants.swift in Sources */,
			);
			runOnlyForDeploymentPostprocessing = 0;
		};
/* End PBXSourcesBuildPhase section */

/* Begin PBXVariantGroup section */
		5E5ECFCB205DA9E20096658F /* Main.storyboard */ = {
			isa = PBXVariantGroup;
			children = (
				5E5ECFCC205DA9E20096658F /* Base */,
			);
			name = Main.storyboard;
			sourceTree = "<group>";
		};
		5E5ECFD0205DA9E20096658F /* LaunchScreen.storyboard */ = {
			isa = PBXVariantGroup;
			children = (
				5E5ECFD1205DA9E20096658F /* Base */,
			);
			name = LaunchScreen.storyboard;
			sourceTree = "<group>";
		};
/* End PBXVariantGroup section */

/* Begin XCBuildConfiguration section */
		5E5ECFD4205DA9E20096658F /* Debug */ = {
			isa = XCBuildConfiguration;
			buildSettings = {
				ALWAYS_SEARCH_USER_PATHS = NO;
				CLANG_ANALYZER_NONNULL = YES;
				CLANG_ANALYZER_NUMBER_OBJECT_CONVERSION = YES_AGGRESSIVE;
				CLANG_CXX_LANGUAGE_STANDARD = "gnu++14";
				CLANG_CXX_LIBRARY = "libc++";
				CLANG_ENABLE_MODULES = YES;
				CLANG_ENABLE_OBJC_ARC = YES;
				CLANG_WARN_BLOCK_CAPTURE_AUTORELEASING = YES;
				CLANG_WARN_BOOL_CONVERSION = YES;
				CLANG_WARN_COMMA = YES;
				CLANG_WARN_CONSTANT_CONVERSION = YES;
				CLANG_WARN_DIRECT_OBJC_ISA_USAGE = YES_ERROR;
				CLANG_WARN_DOCUMENTATION_COMMENTS = YES;
				CLANG_WARN_EMPTY_BODY = YES;
				CLANG_WARN_ENUM_CONVERSION = YES;
				CLANG_WARN_INFINITE_RECURSION = YES;
				CLANG_WARN_INT_CONVERSION = YES;
				CLANG_WARN_NON_LITERAL_NULL_CONVERSION = YES;
				CLANG_WARN_OBJC_LITERAL_CONVERSION = YES;
				CLANG_WARN_OBJC_ROOT_CLASS = YES_ERROR;
				CLANG_WARN_RANGE_LOOP_ANALYSIS = YES;
				CLANG_WARN_STRICT_PROTOTYPES = YES;
				CLANG_WARN_SUSPICIOUS_MOVE = YES;
				CLANG_WARN_UNGUARDED_AVAILABILITY = YES_AGGRESSIVE;
				CLANG_WARN_UNREACHABLE_CODE = YES;
				CLANG_WARN__DUPLICATE_METHOD_MATCH = YES;
				CODE_SIGN_IDENTITY = "iPhone Developer";
				COPY_PHASE_STRIP = NO;
				DEBUG_INFORMATION_FORMAT = dwarf;
				ENABLE_STRICT_OBJC_MSGSEND = YES;
				ENABLE_TESTABILITY = YES;
				GCC_C_LANGUAGE_STANDARD = gnu11;
				GCC_DYNAMIC_NO_PIC = NO;
				GCC_NO_COMMON_BLOCKS = YES;
				GCC_OPTIMIZATION_LEVEL = 0;
				GCC_PREPROCESSOR_DEFINITIONS = (
					"DEBUG=1",
					"$(inherited)",
				);
				GCC_WARN_64_TO_32_BIT_CONVERSION = YES;
				GCC_WARN_ABOUT_RETURN_TYPE = YES_ERROR;
				GCC_WARN_UNDECLARED_SELECTOR = YES;
				GCC_WARN_UNINITIALIZED_AUTOS = YES_AGGRESSIVE;
				GCC_WARN_UNUSED_FUNCTION = YES;
				GCC_WARN_UNUSED_VARIABLE = YES;
				IPHONEOS_DEPLOYMENT_TARGET = 11.2;
				MTL_ENABLE_DEBUG_INFO = YES;
				ONLY_ACTIVE_ARCH = YES;
				SDKROOT = iphoneos;
				SWIFT_ACTIVE_COMPILATION_CONDITIONS = DEBUG;
				SWIFT_OPTIMIZATION_LEVEL = "-Onone";
			};
			name = Debug;
		};
		5E5ECFD5205DA9E20096658F /* Release */ = {
			isa = XCBuildConfiguration;
			buildSettings = {
				ALWAYS_SEARCH_USER_PATHS = NO;
				CLANG_ANALYZER_NONNULL = YES;
				CLANG_ANALYZER_NUMBER_OBJECT_CONVERSION = YES_AGGRESSIVE;
				CLANG_CXX_LANGUAGE_STANDARD = "gnu++14";
				CLANG_CXX_LIBRARY = "libc++";
				CLANG_ENABLE_MODULES = YES;
				CLANG_ENABLE_OBJC_ARC = YES;
				CLANG_WARN_BLOCK_CAPTURE_AUTORELEASING = YES;
				CLANG_WARN_BOOL_CONVERSION = YES;
				CLANG_WARN_COMMA = YES;
				CLANG_WARN_CONSTANT_CONVERSION = YES;
				CLANG_WARN_DIRECT_OBJC_ISA_USAGE = YES_ERROR;
				CLANG_WARN_DOCUMENTATION_COMMENTS = YES;
				CLANG_WARN_EMPTY_BODY = YES;
				CLANG_WARN_ENUM_CONVERSION = YES;
				CLANG_WARN_INFINITE_RECURSION = YES;
				CLANG_WARN_INT_CONVERSION = YES;
				CLANG_WARN_NON_LITERAL_NULL_CONVERSION = YES;
				CLANG_WARN_OBJC_LITERAL_CONVERSION = YES;
				CLANG_WARN_OBJC_ROOT_CLASS = YES_ERROR;
				CLANG_WARN_RANGE_LOOP_ANALYSIS = YES;
				CLANG_WARN_STRICT_PROTOTYPES = YES;
				CLANG_WARN_SUSPICIOUS_MOVE = YES;
				CLANG_WARN_UNGUARDED_AVAILABILITY = YES_AGGRESSIVE;
				CLANG_WARN_UNREACHABLE_CODE = YES;
				CLANG_WARN__DUPLICATE_METHOD_MATCH = YES;
				CODE_SIGN_IDENTITY = "iPhone Developer";
				COPY_PHASE_STRIP = NO;
				DEBUG_INFORMATION_FORMAT = "dwarf-with-dsym";
				ENABLE_NS_ASSERTIONS = NO;
				ENABLE_STRICT_OBJC_MSGSEND = YES;
				GCC_C_LANGUAGE_STANDARD = gnu11;
				GCC_NO_COMMON_BLOCKS = YES;
				GCC_WARN_64_TO_32_BIT_CONVERSION = YES;
				GCC_WARN_ABOUT_RETURN_TYPE = YES_ERROR;
				GCC_WARN_UNDECLARED_SELECTOR = YES;
				GCC_WARN_UNINITIALIZED_AUTOS = YES_AGGRESSIVE;
				GCC_WARN_UNUSED_FUNCTION = YES;
				GCC_WARN_UNUSED_VARIABLE = YES;
				IPHONEOS_DEPLOYMENT_TARGET = 11.2;
				MTL_ENABLE_DEBUG_INFO = NO;
				SDKROOT = iphoneos;
				SWIFT_OPTIMIZATION_LEVEL = "-Owholemodule";
				VALIDATE_PRODUCT = YES;
			};
			name = Release;
		};
		5E5ECFD7205DA9E20096658F /* Debug */ = {
			isa = XCBuildConfiguration;
			baseConfigurationReference = F2036912B45AE6D343447ADD /* Pods-WeatherGift.debug.xcconfig */;
			buildSettings = {
				ASSETCATALOG_COMPILER_APPICON_NAME = AppIcon;
				CODE_SIGN_STYLE = Automatic;
				DEVELOPMENT_TEAM = A8SNGVWG3F;
				INFOPLIST_FILE = WeatherGift/Info.plist;
				IPHONEOS_DEPLOYMENT_TARGET = 11.0;
				LD_RUNPATH_SEARCH_PATHS = "$(inherited) @executable_path/Frameworks";
				PRODUCT_BUNDLE_IDENTIFIER = com.Nasta.WeatherGift;
				PRODUCT_NAME = "$(TARGET_NAME)";
				SWIFT_VERSION = 4.0;
				TARGETED_DEVICE_FAMILY = "1,2";
			};
			name = Debug;
		};
		5E5ECFD8205DA9E20096658F /* Release */ = {
			isa = XCBuildConfiguration;
			baseConfigurationReference = 3D310F70B4F165C33FB8C127 /* Pods-WeatherGift.release.xcconfig */;
			buildSettings = {
				ASSETCATALOG_COMPILER_APPICON_NAME = AppIcon;
				CODE_SIGN_STYLE = Automatic;
				DEVELOPMENT_TEAM = A8SNGVWG3F;
				INFOPLIST_FILE = WeatherGift/Info.plist;
				IPHONEOS_DEPLOYMENT_TARGET = 11.0;
				LD_RUNPATH_SEARCH_PATHS = "$(inherited) @executable_path/Frameworks";
				PRODUCT_BUNDLE_IDENTIFIER = com.Nasta.WeatherGift;
				PRODUCT_NAME = "$(TARGET_NAME)";
				SWIFT_VERSION = 4.0;
				TARGETED_DEVICE_FAMILY = "1,2";
			};
			name = Release;
		};
/* End XCBuildConfiguration section */

/* Begin XCConfigurationList section */
		5E5ECFBF205DA9E20096658F /* Build configuration list for PBXProject "WeatherGift" */ = {
			isa = XCConfigurationList;
			buildConfigurations = (
				5E5ECFD4205DA9E20096658F /* Debug */,
				5E5ECFD5205DA9E20096658F /* Release */,
			);
			defaultConfigurationIsVisible = 0;
			defaultConfigurationName = Release;
		};
		5E5ECFD6205DA9E20096658F /* Build configuration list for PBXNativeTarget "WeatherGift" */ = {
			isa = XCConfigurationList;
			buildConfigurations = (
				5E5ECFD7205DA9E20096658F /* Debug */,
				5E5ECFD8205DA9E20096658F /* Release */,
			);
			defaultConfigurationIsVisible = 0;
			defaultConfigurationName = Release;
		};
/* End XCConfigurationList section */
	};
	rootObject = 5E5ECFBC205DA9E20096658F /* Project object */;
}
